// !$*UTF8*$!
{
	archiveVersion = 1;
	classes = {
	};
	objectVersion = 46;
	objects = {

/* Begin PBXBuildFile section */
		12618E0C64EAFEE384F676AB /* Pods_NewsFeed.framework in Frameworks */ = {isa = PBXBuildFile; fileRef = E2C6B572A5BCC9B02F36FB50 /* Pods_NewsFeed.framework */; };
		5626BD491ED4576400D36A80 /* AppDelegate.swift in Sources */ = {isa = PBXBuildFile; fileRef = 5626BD481ED4576400D36A80 /* AppDelegate.swift */; };
		5626BD4E1ED4576400D36A80 /* Main.storyboard in Resources */ = {isa = PBXBuildFile; fileRef = 5626BD4C1ED4576400D36A80 /* Main.storyboard */; };
		5626BD501ED4576400D36A80 /* Assets.xcassets in Resources */ = {isa = PBXBuildFile; fileRef = 5626BD4F1ED4576400D36A80 /* Assets.xcassets */; };
		5626BD531ED4576400D36A80 /* LaunchScreen.storyboard in Resources */ = {isa = PBXBuildFile; fileRef = 5626BD511ED4576400D36A80 /* LaunchScreen.storyboard */; };
		5626BD5E1ED4576500D36A80 /* NewsFeedTests.swift in Sources */ = {isa = PBXBuildFile; fileRef = 5626BD5D1ED4576500D36A80 /* NewsFeedTests.swift */; };
		5626BD691ED4576500D36A80 /* NewsFeedUITests.swift in Sources */ = {isa = PBXBuildFile; fileRef = 5626BD681ED4576500D36A80 /* NewsFeedUITests.swift */; };
		566E48761ED45B1F00782018 /* NewsListInteractor.swift in Sources */ = {isa = PBXBuildFile; fileRef = 566E48701ED45B1F00782018 /* NewsListInteractor.swift */; };
		566E48781ED45B1F00782018 /* NewsListPresenter.swift in Sources */ = {isa = PBXBuildFile; fileRef = 566E48721ED45B1F00782018 /* NewsListPresenter.swift */; };
		566E48791ED45B1F00782018 /* NewsListProtocols.swift in Sources */ = {isa = PBXBuildFile; fileRef = 566E48731ED45B1F00782018 /* NewsListProtocols.swift */; };
		566E487A1ED45B1F00782018 /* NewsListRouter.swift in Sources */ = {isa = PBXBuildFile; fileRef = 566E48741ED45B1F00782018 /* NewsListRouter.swift */; };
		566E487B1ED45B1F00782018 /* NewsListViewController.swift in Sources */ = {isa = PBXBuildFile; fileRef = 566E48751ED45B1F00782018 /* NewsListViewController.swift */; };
		566E48841ED45C0C00782018 /* NewsDetailInteractor.swift in Sources */ = {isa = PBXBuildFile; fileRef = 566E487E1ED45C0C00782018 /* NewsDetailInteractor.swift */; };
		566E48861ED45C0C00782018 /* NewsDetailPresenter.swift in Sources */ = {isa = PBXBuildFile; fileRef = 566E48801ED45C0C00782018 /* NewsDetailPresenter.swift */; };
		566E48871ED45C0C00782018 /* NewsDetailProtocols.swift in Sources */ = {isa = PBXBuildFile; fileRef = 566E48811ED45C0C00782018 /* NewsDetailProtocols.swift */; };
		566E48881ED45C0C00782018 /* NewsDetailRouter.swift in Sources */ = {isa = PBXBuildFile; fileRef = 566E48821ED45C0C00782018 /* NewsDetailRouter.swift */; };
		566E48891ED45C0C00782018 /* NewsDetailViewController.swift in Sources */ = {isa = PBXBuildFile; fileRef = 566E48831ED45C0C00782018 /* NewsDetailViewController.swift */; };
		566E48961ED4670400782018 /* APIRequest.swift in Sources */ = {isa = PBXBuildFile; fileRef = 566E48951ED4670400782018 /* APIRequest.swift */; };
		566E48981ED469FE00782018 /* Logger.swift in Sources */ = {isa = PBXBuildFile; fileRef = 566E48971ED469FE00782018 /* Logger.swift */; };
		566E48A11ED46A7B00782018 /* SlimLogger.swift in Sources */ = {isa = PBXBuildFile; fileRef = 566E489D1ED46A7B00782018 /* SlimLogger.swift */; };
		566E48A21ED46A7B00782018 /* SlimLoggerConfig.swift in Sources */ = {isa = PBXBuildFile; fileRef = 566E489E1ED46A7B00782018 /* SlimLoggerConfig.swift */; };
		566E48A31ED46A7B00782018 /* SlimLogglyDestination.swift in Sources */ = {isa = PBXBuildFile; fileRef = 566E489F1ED46A7B00782018 /* SlimLogglyDestination.swift */; };
		566E48A41ED46A7B00782018 /* SlimLogglyDestinationConfig.swift in Sources */ = {isa = PBXBuildFile; fileRef = 566E48A01ED46A7B00782018 /* SlimLogglyDestinationConfig.swift */; };
/* End PBXBuildFile section */

/* Begin PBXContainerItemProxy section */
		5626BD5A1ED4576500D36A80 /* PBXContainerItemProxy */ = {
			isa = PBXContainerItemProxy;
			containerPortal = 5626BD3D1ED4576400D36A80 /* Project object */;
			proxyType = 1;
			remoteGlobalIDString = 5626BD441ED4576400D36A80;
			remoteInfo = NewsFeed;
		};
		5626BD651ED4576500D36A80 /* PBXContainerItemProxy */ = {
			isa = PBXContainerItemProxy;
			containerPortal = 5626BD3D1ED4576400D36A80 /* Project object */;
			proxyType = 1;
			remoteGlobalIDString = 5626BD441ED4576400D36A80;
			remoteInfo = NewsFeed;
		};
/* End PBXContainerItemProxy section */

/* Begin PBXFileReference section */
		5626BD451ED4576400D36A80 /* NewsFeed.app */ = {isa = PBXFileReference; explicitFileType = wrapper.application; includeInIndex = 0; path = NewsFeed.app; sourceTree = BUILT_PRODUCTS_DIR; };
		5626BD481ED4576400D36A80 /* AppDelegate.swift */ = {isa = PBXFileReference; lastKnownFileType = sourcecode.swift; path = AppDelegate.swift; sourceTree = "<group>"; };
		5626BD4D1ED4576400D36A80 /* Base */ = {isa = PBXFileReference; lastKnownFileType = file.storyboard; name = Base; path = Base.lproj/Main.storyboard; sourceTree = "<group>"; };
		5626BD4F1ED4576400D36A80 /* Assets.xcassets */ = {isa = PBXFileReference; lastKnownFileType = folder.assetcatalog; path = Assets.xcassets; sourceTree = "<group>"; };
		5626BD521ED4576400D36A80 /* Base */ = {isa = PBXFileReference; lastKnownFileType = file.storyboard; name = Base; path = Base.lproj/LaunchScreen.storyboard; sourceTree = "<group>"; };
		5626BD541ED4576400D36A80 /* Info.plist */ = {isa = PBXFileReference; lastKnownFileType = text.plist.xml; path = Info.plist; sourceTree = "<group>"; };
		5626BD591ED4576500D36A80 /* NewsFeedTests.xctest */ = {isa = PBXFileReference; explicitFileType = wrapper.cfbundle; includeInIndex = 0; path = NewsFeedTests.xctest; sourceTree = BUILT_PRODUCTS_DIR; };
		5626BD5D1ED4576500D36A80 /* NewsFeedTests.swift */ = {isa = PBXFileReference; lastKnownFileType = sourcecode.swift; path = NewsFeedTests.swift; sourceTree = "<group>"; };
		5626BD5F1ED4576500D36A80 /* Info.plist */ = {isa = PBXFileReference; lastKnownFileType = text.plist.xml; path = Info.plist; sourceTree = "<group>"; };
		5626BD641ED4576500D36A80 /* NewsFeedUITests.xctest */ = {isa = PBXFileReference; explicitFileType = wrapper.cfbundle; includeInIndex = 0; path = NewsFeedUITests.xctest; sourceTree = BUILT_PRODUCTS_DIR; };
		5626BD681ED4576500D36A80 /* NewsFeedUITests.swift */ = {isa = PBXFileReference; lastKnownFileType = sourcecode.swift; path = NewsFeedUITests.swift; sourceTree = "<group>"; };
		5626BD6A1ED4576500D36A80 /* Info.plist */ = {isa = PBXFileReference; lastKnownFileType = text.plist.xml; path = Info.plist; sourceTree = "<group>"; };
		566E48701ED45B1F00782018 /* NewsListInteractor.swift */ = {isa = PBXFileReference; fileEncoding = 4; lastKnownFileType = sourcecode.swift; path = NewsListInteractor.swift; sourceTree = "<group>"; };
		566E48721ED45B1F00782018 /* NewsListPresenter.swift */ = {isa = PBXFileReference; fileEncoding = 4; lastKnownFileType = sourcecode.swift; path = NewsListPresenter.swift; sourceTree = "<group>"; };
		566E48731ED45B1F00782018 /* NewsListProtocols.swift */ = {isa = PBXFileReference; fileEncoding = 4; lastKnownFileType = sourcecode.swift; path = NewsListProtocols.swift; sourceTree = "<group>"; };
		566E48741ED45B1F00782018 /* NewsListRouter.swift */ = {isa = PBXFileReference; fileEncoding = 4; lastKnownFileType = sourcecode.swift; path = NewsListRouter.swift; sourceTree = "<group>"; };
		566E48751ED45B1F00782018 /* NewsListViewController.swift */ = {isa = PBXFileReference; fileEncoding = 4; lastKnownFileType = sourcecode.swift; path = NewsListViewController.swift; sourceTree = "<group>"; };
		566E487E1ED45C0C00782018 /* NewsDetailInteractor.swift */ = {isa = PBXFileReference; fileEncoding = 4; lastKnownFileType = sourcecode.swift; path = NewsDetailInteractor.swift; sourceTree = "<group>"; };
		566E48801ED45C0C00782018 /* NewsDetailPresenter.swift */ = {isa = PBXFileReference; fileEncoding = 4; lastKnownFileType = sourcecode.swift; path = NewsDetailPresenter.swift; sourceTree = "<group>"; };
		566E48811ED45C0C00782018 /* NewsDetailProtocols.swift */ = {isa = PBXFileReference; fileEncoding = 4; lastKnownFileType = sourcecode.swift; path = NewsDetailProtocols.swift; sourceTree = "<group>"; };
		566E48821ED45C0C00782018 /* NewsDetailRouter.swift */ = {isa = PBXFileReference; fileEncoding = 4; lastKnownFileType = sourcecode.swift; path = NewsDetailRouter.swift; sourceTree = "<group>"; };
		566E48831ED45C0C00782018 /* NewsDetailViewController.swift */ = {isa = PBXFileReference; fileEncoding = 4; lastKnownFileType = sourcecode.swift; path = NewsDetailViewController.swift; sourceTree = "<group>"; };
		566E48951ED4670400782018 /* APIRequest.swift */ = {isa = PBXFileReference; fileEncoding = 4; lastKnownFileType = sourcecode.swift; name = APIRequest.swift; path = Common/APIRequest.swift; sourceTree = "<group>"; };
		566E48971ED469FE00782018 /* Logger.swift */ = {isa = PBXFileReference; fileEncoding = 4; lastKnownFileType = sourcecode.swift; path = Logger.swift; sourceTree = "<group>"; };
		566E489D1ED46A7B00782018 /* SlimLogger.swift */ = {isa = PBXFileReference; fileEncoding = 4; lastKnownFileType = sourcecode.swift; path = SlimLogger.swift; sourceTree = "<group>"; };
		566E489E1ED46A7B00782018 /* SlimLoggerConfig.swift */ = {isa = PBXFileReference; fileEncoding = 4; lastKnownFileType = sourcecode.swift; path = SlimLoggerConfig.swift; sourceTree = "<group>"; };
		566E489F1ED46A7B00782018 /* SlimLogglyDestination.swift */ = {isa = PBXFileReference; fileEncoding = 4; lastKnownFileType = sourcecode.swift; path = SlimLogglyDestination.swift; sourceTree = "<group>"; };
		566E48A01ED46A7B00782018 /* SlimLogglyDestinationConfig.swift */ = {isa = PBXFileReference; fileEncoding = 4; lastKnownFileType = sourcecode.swift; path = SlimLogglyDestinationConfig.swift; sourceTree = "<group>"; };
		E2C6B572A5BCC9B02F36FB50 /* Pods_NewsFeed.framework */ = {isa = PBXFileReference; explicitFileType = wrapper.framework; includeInIndex = 0; path = Pods_NewsFeed.framework; sourceTree = BUILT_PRODUCTS_DIR; };
		E70AC89556E7D026A2723C91 /* Pods-NewsFeed.release.xcconfig */ = {isa = PBXFileReference; includeInIndex = 1; lastKnownFileType = text.xcconfig; name = "Pods-NewsFeed.release.xcconfig"; path = "Pods/Target Support Files/Pods-NewsFeed/Pods-NewsFeed.release.xcconfig"; sourceTree = "<group>"; };
		E714187359A864836546912F /* Pods-NewsFeed.debug.xcconfig */ = {isa = PBXFileReference; includeInIndex = 1; lastKnownFileType = text.xcconfig; name = "Pods-NewsFeed.debug.xcconfig"; path = "Pods/Target Support Files/Pods-NewsFeed/Pods-NewsFeed.debug.xcconfig"; sourceTree = "<group>"; };
/* End PBXFileReference section */

/* Begin PBXFrameworksBuildPhase section */
		5626BD421ED4576400D36A80 /* Frameworks */ = {
			isa = PBXFrameworksBuildPhase;
			buildActionMask = 2147483647;
			files = (
				12618E0C64EAFEE384F676AB /* Pods_NewsFeed.framework in Frameworks */,
			);
			runOnlyForDeploymentPostprocessing = 0;
		};
		5626BD561ED4576500D36A80 /* Frameworks */ = {
			isa = PBXFrameworksBuildPhase;
			buildActionMask = 2147483647;
			files = (
			);
			runOnlyForDeploymentPostprocessing = 0;
		};
		5626BD611ED4576500D36A80 /* Frameworks */ = {
			isa = PBXFrameworksBuildPhase;
			buildActionMask = 2147483647;
			files = (
			);
			runOnlyForDeploymentPostprocessing = 0;
		};
/* End PBXFrameworksBuildPhase section */

/* Begin PBXGroup section */
		5626BD3C1ED4576400D36A80 = {
			isa = PBXGroup;
			children = (
				5626BD471ED4576400D36A80 /* NewsFeed */,
				566E48991ED46A4B00782018 /* Logger */,
				5626BD5C1ED4576500D36A80 /* NewsFeedTests */,
				5626BD671ED4576500D36A80 /* NewsFeedUITests */,
				5626BD461ED4576400D36A80 /* Products */,
				95233E45D263B3E1842FE8B2 /* Pods */,
				E41AC25AD35975E01AD7A817 /* Frameworks */,
			);
			sourceTree = "<group>";
		};
		5626BD461ED4576400D36A80 /* Products */ = {
			isa = PBXGroup;
			children = (
				5626BD451ED4576400D36A80 /* NewsFeed.app */,
				5626BD591ED4576500D36A80 /* NewsFeedTests.xctest */,
				5626BD641ED4576500D36A80 /* NewsFeedUITests.xctest */,
			);
			name = Products;
			sourceTree = "<group>";
		};
		5626BD471ED4576400D36A80 /* NewsFeed */ = {
			isa = PBXGroup;
			children = (
				566E48941ED4661D00782018 /* Common */,
				566E486F1ED45AC000782018 /* NewsList Module */,
				566E487D1ED45B3800782018 /* NewsDetail Module */,
				5626BD481ED4576400D36A80 /* AppDelegate.swift */,
				5626BD4C1ED4576400D36A80 /* Main.storyboard */,
				5626BD4F1ED4576400D36A80 /* Assets.xcassets */,
				5626BD511ED4576400D36A80 /* LaunchScreen.storyboard */,
				5626BD541ED4576400D36A80 /* Info.plist */,
			);
			path = NewsFeed;
			sourceTree = "<group>";
		};
		5626BD5C1ED4576500D36A80 /* NewsFeedTests */ = {
			isa = PBXGroup;
			children = (
				5626BD5D1ED4576500D36A80 /* NewsFeedTests.swift */,
				5626BD5F1ED4576500D36A80 /* Info.plist */,
			);
			path = NewsFeedTests;
			sourceTree = "<group>";
		};
		5626BD671ED4576500D36A80 /* NewsFeedUITests */ = {
			isa = PBXGroup;
			children = (
				5626BD681ED4576500D36A80 /* NewsFeedUITests.swift */,
				5626BD6A1ED4576500D36A80 /* Info.plist */,
			);
			path = NewsFeedUITests;
			sourceTree = "<group>";
		};
		566E486F1ED45AC000782018 /* NewsList Module */ = {
			isa = PBXGroup;
			children = (
				566E48901ED4600200782018 /* Protocol */,
				566E488F1ED45FF100782018 /* Interactor */,
				566E48911ED4600B00782018 /* Presenter */,
				566E48931ED4601E00782018 /* Route */,
				566E48921ED4601900782018 /* View */,
			);
			path = "NewsList Module";
			sourceTree = "<group>";
		};
		566E487D1ED45B3800782018 /* NewsDetail Module */ = {
			isa = PBXGroup;
			children = (
				566E488E1ED45E2F00782018 /* Protocol */,
				566E488A1ED45DF100782018 /* Interactor */,
				566E488B1ED45E0100782018 /* Presenter */,
				566E488D1ED45E2000782018 /* Route */,
				566E488C1ED45E1900782018 /* View */,
			);
			path = "NewsDetail Module";
			sourceTree = "<group>";
		};
		566E488A1ED45DF100782018 /* Interactor */ = {
			isa = PBXGroup;
			children = (
				566E487E1ED45C0C00782018 /* NewsDetailInteractor.swift */,
			);
			path = Interactor;
			sourceTree = "<group>";
		};
		566E488B1ED45E0100782018 /* Presenter */ = {
			isa = PBXGroup;
			children = (
				566E48801ED45C0C00782018 /* NewsDetailPresenter.swift */,
			);
			path = Presenter;
			sourceTree = "<group>";
		};
		566E488C1ED45E1900782018 /* View */ = {
			isa = PBXGroup;
			children = (
				566E48831ED45C0C00782018 /* NewsDetailViewController.swift */,
			);
			path = View;
			sourceTree = "<group>";
		};
		566E488D1ED45E2000782018 /* Route */ = {
			isa = PBXGroup;
			children = (
				566E48821ED45C0C00782018 /* NewsDetailRouter.swift */,
			);
			name = Route;
			path = Router;
			sourceTree = "<group>";
		};
		566E488E1ED45E2F00782018 /* Protocol */ = {
			isa = PBXGroup;
			children = (
				566E48811ED45C0C00782018 /* NewsDetailProtocols.swift */,
			);
			path = Protocol;
			sourceTree = "<group>";
		};
		566E488F1ED45FF100782018 /* Interactor */ = {
			isa = PBXGroup;
			children = (
				566E48701ED45B1F00782018 /* NewsListInteractor.swift */,
			);
			path = Interactor;
			sourceTree = "<group>";
		};
		566E48901ED4600200782018 /* Protocol */ = {
			isa = PBXGroup;
			children = (
				566E48731ED45B1F00782018 /* NewsListProtocols.swift */,
			);
			path = Protocol;
			sourceTree = "<group>";
		};
		566E48911ED4600B00782018 /* Presenter */ = {
			isa = PBXGroup;
			children = (
				566E48721ED45B1F00782018 /* NewsListPresenter.swift */,
			);
			path = Presenter;
			sourceTree = "<group>";
		};
		566E48921ED4601900782018 /* View */ = {
			isa = PBXGroup;
			children = (
				566E48751ED45B1F00782018 /* NewsListViewController.swift */,
			);
			path = View;
			sourceTree = "<group>";
		};
		566E48931ED4601E00782018 /* Route */ = {
			isa = PBXGroup;
			children = (
				566E48741ED45B1F00782018 /* NewsListRouter.swift */,
			);
			path = Route;
			sourceTree = "<group>";
		};
		566E48941ED4661D00782018 /* Common */ = {
			isa = PBXGroup;
			children = (
				566E48951ED4670400782018 /* APIRequest.swift */,
			);
			name = Common;
			sourceTree = "<group>";
		};
		566E48991ED46A4B00782018 /* Logger */ = {
			isa = PBXGroup;
			children = (
				566E489C1ED46A6D00782018 /* SlimLogger */,
				566E48971ED469FE00782018 /* Logger.swift */,
			);
			name = Logger;
			path = NewsFeed/Logger;
			sourceTree = "<group>";
		};
		566E489C1ED46A6D00782018 /* SlimLogger */ = {
			isa = PBXGroup;
			children = (
				566E489D1ED46A7B00782018 /* SlimLogger.swift */,
				566E489E1ED46A7B00782018 /* SlimLoggerConfig.swift */,
				566E489F1ED46A7B00782018 /* SlimLogglyDestination.swift */,
				566E48A01ED46A7B00782018 /* SlimLogglyDestinationConfig.swift */,
			);
			path = SlimLogger;
			sourceTree = "<group>";
		};
		95233E45D263B3E1842FE8B2 /* Pods */ = {
			isa = PBXGroup;
			children = (
				E714187359A864836546912F /* Pods-NewsFeed.debug.xcconfig */,
				E70AC89556E7D026A2723C91 /* Pods-NewsFeed.release.xcconfig */,
			);
			name = Pods;
			sourceTree = "<group>";
		};
		E41AC25AD35975E01AD7A817 /* Frameworks */ = {
			isa = PBXGroup;
			children = (
				E2C6B572A5BCC9B02F36FB50 /* Pods_NewsFeed.framework */,
			);
			name = Frameworks;
			sourceTree = "<group>";
		};
/* End PBXGroup section */

/* Begin PBXNativeTarget section */
		5626BD441ED4576400D36A80 /* NewsFeed */ = {
			isa = PBXNativeTarget;
			buildConfigurationList = 5626BD6D1ED4576500D36A80 /* Build configuration list for PBXNativeTarget "NewsFeed" */;
			buildPhases = (
				815937CBF06C92EB52C54BB4 /* [CP] Check Pods Manifest.lock */,
				5626BD411ED4576400D36A80 /* Sources */,
				5626BD421ED4576400D36A80 /* Frameworks */,
				5626BD431ED4576400D36A80 /* Resources */,
				DF4DBBBBC3EAB65FD08F62E3 /* [CP] Embed Pods Frameworks */,
				2111BD800CCA919C5BAEDB72 /* [CP] Copy Pods Resources */,
			);
			buildRules = (
			);
			dependencies = (
			);
			name = NewsFeed;
			productName = NewsFeed;
			productReference = 5626BD451ED4576400D36A80 /* NewsFeed.app */;
			productType = "com.apple.product-type.application";
		};
		5626BD581ED4576500D36A80 /* NewsFeedTests */ = {
			isa = PBXNativeTarget;
			buildConfigurationList = 5626BD701ED4576500D36A80 /* Build configuration list for PBXNativeTarget "NewsFeedTests" */;
			buildPhases = (
				5626BD551ED4576500D36A80 /* Sources */,
				5626BD561ED4576500D36A80 /* Frameworks */,
				5626BD571ED4576500D36A80 /* Resources */,
			);
			buildRules = (
			);
			dependencies = (
				5626BD5B1ED4576500D36A80 /* PBXTargetDependency */,
			);
			name = NewsFeedTests;
			productName = NewsFeedTests;
			productReference = 5626BD591ED4576500D36A80 /* NewsFeedTests.xctest */;
			productType = "com.apple.product-type.bundle.unit-test";
		};
		5626BD631ED4576500D36A80 /* NewsFeedUITests */ = {
			isa = PBXNativeTarget;
			buildConfigurationList = 5626BD731ED4576500D36A80 /* Build configuration list for PBXNativeTarget "NewsFeedUITests" */;
			buildPhases = (
				5626BD601ED4576500D36A80 /* Sources */,
				5626BD611ED4576500D36A80 /* Frameworks */,
				5626BD621ED4576500D36A80 /* Resources */,
			);
			buildRules = (
			);
			dependencies = (
				5626BD661ED4576500D36A80 /* PBXTargetDependency */,
			);
			name = NewsFeedUITests;
			productName = NewsFeedUITests;
			productReference = 5626BD641ED4576500D36A80 /* NewsFeedUITests.xctest */;
			productType = "com.apple.product-type.bundle.ui-testing";
		};
/* End PBXNativeTarget section */

/* Begin PBXProject section */
		5626BD3D1ED4576400D36A80 /* Project object */ = {
			isa = PBXProject;
			attributes = {
				LastSwiftUpdateCheck = 0830;
				LastUpgradeCheck = 0830;
				ORGANIZATIONNAME = "Yura Granchenko";
				TargetAttributes = {
					5626BD441ED4576400D36A80 = {
						CreatedOnToolsVersion = 8.3.1;
						DevelopmentTeam = 224SJKKLQ3;
						ProvisioningStyle = Automatic;
					};
					5626BD581ED4576500D36A80 = {
						CreatedOnToolsVersion = 8.3.1;
						DevelopmentTeam = 224SJKKLQ3;
						ProvisioningStyle = Automatic;
						TestTargetID = 5626BD441ED4576400D36A80;
					};
					5626BD631ED4576500D36A80 = {
						CreatedOnToolsVersion = 8.3.1;
						DevelopmentTeam = 224SJKKLQ3;
						ProvisioningStyle = Automatic;
						TestTargetID = 5626BD441ED4576400D36A80;
					};
				};
			};
			buildConfigurationList = 5626BD401ED4576400D36A80 /* Build configuration list for PBXProject "NewsFeed" */;
			compatibilityVersion = "Xcode 3.2";
			developmentRegion = English;
			hasScannedForEncodings = 0;
			knownRegions = (
				en,
				Base,
			);
			mainGroup = 5626BD3C1ED4576400D36A80;
			productRefGroup = 5626BD461ED4576400D36A80 /* Products */;
			projectDirPath = "";
			projectRoot = "";
			targets = (
				5626BD441ED4576400D36A80 /* NewsFeed */,
				5626BD581ED4576500D36A80 /* NewsFeedTests */,
				5626BD631ED4576500D36A80 /* NewsFeedUITests */,
			);
		};
/* End PBXProject section */

/* Begin PBXResourcesBuildPhase section */
		5626BD431ED4576400D36A80 /* Resources */ = {
			isa = PBXResourcesBuildPhase;
			buildActionMask = 2147483647;
			files = (
				5626BD531ED4576400D36A80 /* LaunchScreen.storyboard in Resources */,
				5626BD501ED4576400D36A80 /* Assets.xcassets in Resources */,
				5626BD4E1ED4576400D36A80 /* Main.storyboard in Resources */,
			);
			runOnlyForDeploymentPostprocessing = 0;
		};
		5626BD571ED4576500D36A80 /* Resources */ = {
			isa = PBXResourcesBuildPhase;
			buildActionMask = 2147483647;
			files = (
			);
			runOnlyForDeploymentPostprocessing = 0;
		};
		5626BD621ED4576500D36A80 /* Resources */ = {
			isa = PBXResourcesBuildPhase;
			buildActionMask = 2147483647;
			files = (
			);
			runOnlyForDeploymentPostprocessing = 0;
		};
/* End PBXResourcesBuildPhase section */

/* Begin PBXShellScriptBuildPhase section */
		2111BD800CCA919C5BAEDB72 /* [CP] Copy Pods Resources */ = {
			isa = PBXShellScriptBuildPhase;
			buildActionMask = 2147483647;
			files = (
			);
			inputPaths = (
			);
			name = "[CP] Copy Pods Resources";
			outputPaths = (
			);
			runOnlyForDeploymentPostprocessing = 0;
			shellPath = /bin/sh;
			shellScript = "\"${SRCROOT}/Pods/Target Support Files/Pods-NewsFeed/Pods-NewsFeed-resources.sh\"\n";
			showEnvVarsInLog = 0;
		};
		815937CBF06C92EB52C54BB4 /* [CP] Check Pods Manifest.lock */ = {
			isa = PBXShellScriptBuildPhase;
			buildActionMask = 2147483647;
			files = (
			);
			inputPaths = (
			);
			name = "[CP] Check Pods Manifest.lock";
			outputPaths = (
			);
			runOnlyForDeploymentPostprocessing = 0;
			shellPath = /bin/sh;
			shellScript = "diff \"${PODS_ROOT}/../Podfile.lock\" \"${PODS_ROOT}/Manifest.lock\" > /dev/null\nif [ $? != 0 ] ; then\n    # print error to STDERR\n    echo \"error: The sandbox is not in sync with the Podfile.lock. Run 'pod install' or update your CocoaPods installation.\" >&2\n    exit 1\nfi\n";
			showEnvVarsInLog = 0;
		};
		DF4DBBBBC3EAB65FD08F62E3 /* [CP] Embed Pods Frameworks */ = {
			isa = PBXShellScriptBuildPhase;
			buildActionMask = 2147483647;
			files = (
			);
			inputPaths = (
			);
			name = "[CP] Embed Pods Frameworks";
			outputPaths = (
			);
			runOnlyForDeploymentPostprocessing = 0;
			shellPath = /bin/sh;
			shellScript = "\"${SRCROOT}/Pods/Target Support Files/Pods-NewsFeed/Pods-NewsFeed-frameworks.sh\"\n";
			showEnvVarsInLog = 0;
		};
/* End PBXShellScriptBuildPhase section */

/* Begin PBXSourcesBuildPhase section */
		5626BD411ED4576400D36A80 /* Sources */ = {
			isa = PBXSourcesBuildPhase;
			buildActionMask = 2147483647;
			files = (
				566E48871ED45C0C00782018 /* NewsDetailProtocols.swift in Sources */,
				566E48841ED45C0C00782018 /* NewsDetailInteractor.swift in Sources */,
				566E48881ED45C0C00782018 /* NewsDetailRouter.swift in Sources */,
				566E48781ED45B1F00782018 /* NewsListPresenter.swift in Sources */,
				566E48A41ED46A7B00782018 /* SlimLogglyDestinationConfig.swift in Sources */,
				566E487A1ED45B1F00782018 /* NewsListRouter.swift in Sources */,
				566E48891ED45C0C00782018 /* NewsDetailViewController.swift in Sources */,
				566E48861ED45C0C00782018 /* NewsDetailPresenter.swift in Sources */,
				566E48761ED45B1F00782018 /* NewsListInteractor.swift in Sources */,
				566E48A21ED46A7B00782018 /* SlimLoggerConfig.swift in Sources */,
				566E48791ED45B1F00782018 /* NewsListProtocols.swift in Sources */,
				566E48981ED469FE00782018 /* Logger.swift in Sources */,
				566E48A31ED46A7B00782018 /* SlimLogglyDestination.swift in Sources */,
				5626BD491ED4576400D36A80 /* AppDelegate.swift in Sources */,
				566E48961ED4670400782018 /* APIRequest.swift in Sources */,
				566E48A11ED46A7B00782018 /* SlimLogger.swift in Sources */,
				566E487B1ED45B1F00782018 /* NewsListViewController.swift in Sources */,
			);
			runOnlyForDeploymentPostprocessing = 0;
		};
		5626BD551ED4576500D36A80 /* Sources */ = {
			isa = PBXSourcesBuildPhase;
			buildActionMask = 2147483647;
			files = (
				5626BD5E1ED4576500D36A80 /* NewsFeedTests.swift in Sources */,
			);
			runOnlyForDeploymentPostprocessing = 0;
		};
		5626BD601ED4576500D36A80 /* Sources */ = {
			isa = PBXSourcesBuildPhase;
			buildActionMask = 2147483647;
			files = (
				5626BD691ED4576500D36A80 /* NewsFeedUITests.swift in Sources */,
			);
			runOnlyForDeploymentPostprocessing = 0;
		};
/* End PBXSourcesBuildPhase section */

/* Begin PBXTargetDependency section */
		5626BD5B1ED4576500D36A80 /* PBXTargetDependency */ = {
			isa = PBXTargetDependency;
			target = 5626BD441ED4576400D36A80 /* NewsFeed */;
			targetProxy = 5626BD5A1ED4576500D36A80 /* PBXContainerItemProxy */;
		};
		5626BD661ED4576500D36A80 /* PBXTargetDependency */ = {
			isa = PBXTargetDependency;
			target = 5626BD441ED4576400D36A80 /* NewsFeed */;
			targetProxy = 5626BD651ED4576500D36A80 /* PBXContainerItemProxy */;
		};
/* End PBXTargetDependency section */

/* Begin PBXVariantGroup section */
		5626BD4C1ED4576400D36A80 /* Main.storyboard */ = {
			isa = PBXVariantGroup;
			children = (
				5626BD4D1ED4576400D36A80 /* Base */,
			);
			name = Main.storyboard;
			sourceTree = "<group>";
		};
		5626BD511ED4576400D36A80 /* LaunchScreen.storyboard */ = {
			isa = PBXVariantGroup;
			children = (
				5626BD521ED4576400D36A80 /* Base */,
			);
			name = LaunchScreen.storyboard;
			sourceTree = "<group>";
		};
/* End PBXVariantGroup section */

/* Begin XCBuildConfiguration section */
		5626BD6B1ED4576500D36A80 /* Debug */ = {
			isa = XCBuildConfiguration;
			buildSettings = {
				ALWAYS_SEARCH_USER_PATHS = NO;
				CLANG_ANALYZER_NONNULL = YES;
				CLANG_ANALYZER_NUMBER_OBJECT_CONVERSION = YES_AGGRESSIVE;
				CLANG_CXX_LANGUAGE_STANDARD = "gnu++0x";
				CLANG_CXX_LIBRARY = "libc++";
				CLANG_ENABLE_MODULES = YES;
				CLANG_ENABLE_OBJC_ARC = YES;
				CLANG_WARN_BOOL_CONVERSION = YES;
				CLANG_WARN_CONSTANT_CONVERSION = YES;
				CLANG_WARN_DIRECT_OBJC_ISA_USAGE = YES_ERROR;
				CLANG_WARN_DOCUMENTATION_COMMENTS = YES;
				CLANG_WARN_EMPTY_BODY = YES;
				CLANG_WARN_ENUM_CONVERSION = YES;
				CLANG_WARN_INFINITE_RECURSION = YES;
				CLANG_WARN_INT_CONVERSION = YES;
				CLANG_WARN_OBJC_ROOT_CLASS = YES_ERROR;
				CLANG_WARN_SUSPICIOUS_MOVE = YES;
				CLANG_WARN_UNREACHABLE_CODE = YES;
				CLANG_WARN__DUPLICATE_METHOD_MATCH = YES;
				"CODE_SIGN_IDENTITY[sdk=iphoneos*]" = "iPhone Developer";
				COPY_PHASE_STRIP = NO;
				DEBUG_INFORMATION_FORMAT = dwarf;
				ENABLE_STRICT_OBJC_MSGSEND = YES;
				ENABLE_TESTABILITY = YES;
				GCC_C_LANGUAGE_STANDARD = gnu99;
				GCC_DYNAMIC_NO_PIC = NO;
				GCC_NO_COMMON_BLOCKS = YES;
				GCC_OPTIMIZATION_LEVEL = 0;
				GCC_PREPROCESSOR_DEFINITIONS = (
					"DEBUG=1",
					"$(inherited)",
				);
				GCC_WARN_64_TO_32_BIT_CONVERSION = YES;
				GCC_WARN_ABOUT_RETURN_TYPE = YES_ERROR;
				GCC_WARN_UNDECLARED_SELECTOR = YES;
				GCC_WARN_UNINITIALIZED_AUTOS = YES_AGGRESSIVE;
				GCC_WARN_UNUSED_FUNCTION = YES;
				GCC_WARN_UNUSED_VARIABLE = YES;
				IPHONEOS_DEPLOYMENT_TARGET = 10.3;
				MTL_ENABLE_DEBUG_INFO = YES;
				ONLY_ACTIVE_ARCH = YES;
				SDKROOT = iphoneos;
				SWIFT_ACTIVE_COMPILATION_CONDITIONS = DEBUG;
				SWIFT_OPTIMIZATION_LEVEL = "-Onone";
			};
			name = Debug;
		};
		5626BD6C1ED4576500D36A80 /* Release */ = {
			isa = XCBuildConfiguration;
			buildSettings = {
				ALWAYS_SEARCH_USER_PATHS = NO;
				CLANG_ANALYZER_NONNULL = YES;
				CLANG_ANALYZER_NUMBER_OBJECT_CONVERSION = YES_AGGRESSIVE;
				CLANG_CXX_LANGUAGE_STANDARD = "gnu++0x";
				CLANG_CXX_LIBRARY = "libc++";
				CLANG_ENABLE_MODULES = YES;
				CLANG_ENABLE_OBJC_ARC = YES;
				CLANG_WARN_BOOL_CONVERSION = YES;
				CLANG_WARN_CONSTANT_CONVERSION = YES;
				CLANG_WARN_DIRECT_OBJC_ISA_USAGE = YES_ERROR;
				CLANG_WARN_DOCUMENTATION_COMMENTS = YES;
				CLANG_WARN_EMPTY_BODY = YES;
				CLANG_WARN_ENUM_CONVERSION = YES;
				CLANG_WARN_INFINITE_RECURSION = YES;
				CLANG_WARN_INT_CONVERSION = YES;
				CLANG_WARN_OBJC_ROOT_CLASS = YES_ERROR;
				CLANG_WARN_SUSPICIOUS_MOVE = YES;
				CLANG_WARN_UNREACHABLE_CODE = YES;
				CLANG_WARN__DUPLICATE_METHOD_MATCH = YES;
				"CODE_SIGN_IDENTITY[sdk=iphoneos*]" = "iPhone Developer";
				COPY_PHASE_STRIP = NO;
				DEBUG_INFORMATION_FORMAT = "dwarf-with-dsym";
				ENABLE_NS_ASSERTIONS = NO;
				ENABLE_STRICT_OBJC_MSGSEND = YES;
				GCC_C_LANGUAGE_STANDARD = gnu99;
				GCC_NO_COMMON_BLOCKS = YES;
				GCC_WARN_64_TO_32_BIT_CONVERSION = YES;
				GCC_WARN_ABOUT_RETURN_TYPE = YES_ERROR;
				GCC_WARN_UNDECLARED_SELECTOR = YES;
				GCC_WARN_UNINITIALIZED_AUTOS = YES_AGGRESSIVE;
				GCC_WARN_UNUSED_FUNCTION = YES;
				GCC_WARN_UNUSED_VARIABLE = YES;
				IPHONEOS_DEPLOYMENT_TARGET = 10.3;
				MTL_ENABLE_DEBUG_INFO = NO;
				SDKROOT = iphoneos;
				SWIFT_OPTIMIZATION_LEVEL = "-Owholemodule";
				VALIDATE_PRODUCT = YES;
			};
			name = Release;
		};
		5626BD6E1ED4576500D36A80 /* Debug */ = {
			isa = XCBuildConfiguration;
			baseConfigurationReference = E714187359A864836546912F /* Pods-NewsFeed.debug.xcconfig */;
			buildSettings = {
				ASSETCATALOG_COMPILER_APPICON_NAME = AppIcon;
				DEVELOPMENT_TEAM = 224SJKKLQ3;
				INFOPLIST_FILE = NewsFeed/Info.plist;
				LD_RUNPATH_SEARCH_PATHS = "$(inherited) @executable_path/Frameworks";
				PRODUCT_BUNDLE_IDENTIFIER = com.yuraGranchenko.NewsFeed;
				PRODUCT_NAME = "$(TARGET_NAME)";
				SWIFT_VERSION = 3.0;
			};
			name = Debug;
		};
		5626BD6F1ED4576500D36A80 /* Release */ = {
			isa = XCBuildConfiguration;
			baseConfigurationReference = E70AC89556E7D026A2723C91 /* Pods-NewsFeed.release.xcconfig */;
			buildSettings = {
				ASSETCATALOG_COMPILER_APPICON_NAME = AppIcon;
				DEVELOPMENT_TEAM = 224SJKKLQ3;
				INFOPLIST_FILE = NewsFeed/Info.plist;
				LD_RUNPATH_SEARCH_PATHS = "$(inherited) @executable_path/Frameworks";
				PRODUCT_BUNDLE_IDENTIFIER = com.yuraGranchenko.NewsFeed;
				PRODUCT_NAME = "$(TARGET_NAME)";
				SWIFT_VERSION = 3.0;
			};
			name = Release;
		};
		5626BD711ED4576500D36A80 /* Debug */ = {
			isa = XCBuildConfiguration;
			buildSettings = {
				ALWAYS_EMBED_SWIFT_STANDARD_LIBRARIES = YES;
				BUNDLE_LOADER = "$(TEST_HOST)";
				DEVELOPMENT_TEAM = 224SJKKLQ3;
				INFOPLIST_FILE = NewsFeedTests/Info.plist;
				LD_RUNPATH_SEARCH_PATHS = "$(inherited) @executable_path/Frameworks @loader_path/Frameworks";
				PRODUCT_BUNDLE_IDENTIFIER = com.yuraGranchenko.NewsFeedTests;
				PRODUCT_NAME = "$(TARGET_NAME)";
				SWIFT_VERSION = 3.0;
				TEST_HOST = "$(BUILT_PRODUCTS_DIR)/NewsFeed.app/NewsFeed";
			};
			name = Debug;
		};
		5626BD721ED4576500D36A80 /* Release */ = {
			isa = XCBuildConfiguration;
			buildSettings = {
				ALWAYS_EMBED_SWIFT_STANDARD_LIBRARIES = YES;
				BUNDLE_LOADER = "$(TEST_HOST)";
				DEVELOPMENT_TEAM = 224SJKKLQ3;
				INFOPLIST_FILE = NewsFeedTests/Info.plist;
				LD_RUNPATH_SEARCH_PATHS = "$(inherited) @executable_path/Frameworks @loader_path/Frameworks";
				PRODUCT_BUNDLE_IDENTIFIER = com.yuraGranchenko.NewsFeedTests;
				PRODUCT_NAME = "$(TARGET_NAME)";
				SWIFT_VERSION = 3.0;
				TEST_HOST = "$(BUILT_PRODUCTS_DIR)/NewsFeed.app/NewsFeed";
			};
			name = Release;
		};
		5626BD741ED4576500D36A80 /* Debug */ = {
			isa = XCBuildConfiguration;
			buildSettings = {
				ALWAYS_EMBED_SWIFT_STANDARD_LIBRARIES = YES;
				DEVELOPMENT_TEAM = 224SJKKLQ3;
				INFOPLIST_FILE = NewsFeedUITests/Info.plist;
				LD_RUNPATH_SEARCH_PATHS = "$(inherited) @executable_path/Frameworks @loader_path/Frameworks";
				PRODUCT_BUNDLE_IDENTIFIER = com.yuraGranchenko.NewsFeedUITests;
				PRODUCT_NAME = "$(TARGET_NAME)";
				SWIFT_VERSION = 3.0;
				TEST_TARGET_NAME = NewsFeed;
			};
			name = Debug;
		};
		5626BD751ED4576500D36A80 /* Release */ = {
			isa = XCBuildConfiguration;
			buildSettings = {
				ALWAYS_EMBED_SWIFT_STANDARD_LIBRARIES = YES;
				DEVELOPMENT_TEAM = 224SJKKLQ3;
				INFOPLIST_FILE = NewsFeedUITests/Info.plist;
				LD_RUNPATH_SEARCH_PATHS = "$(inherited) @executable_path/Frameworks @loader_path/Frameworks";
				PRODUCT_BUNDLE_IDENTIFIER = com.yuraGranchenko.NewsFeedUITests;
				PRODUCT_NAME = "$(TARGET_NAME)";
				SWIFT_VERSION = 3.0;
				TEST_TARGET_NAME = NewsFeed;
			};
			name = Release;
		};
/* End XCBuildConfiguration section */

/* Begin XCConfigurationList section */
		5626BD401ED4576400D36A80 /* Build configuration list for PBXProject "NewsFeed" */ = {
			isa = XCConfigurationList;
			buildConfigurations = (
				5626BD6B1ED4576500D36A80 /* Debug */,
				5626BD6C1ED4576500D36A80 /* Release */,
			);
			defaultConfigurationIsVisible = 0;
			defaultConfigurationName = Release;
		};
		5626BD6D1ED4576500D36A80 /* Build configuration list for PBXNativeTarget "NewsFeed" */ = {
			isa = XCConfigurationList;
			buildConfigurations = (
				5626BD6E1ED4576500D36A80 /* Debug */,
				5626BD6F1ED4576500D36A80 /* Release */,
			);
			defaultConfigurationIsVisible = 0;
			defaultConfigurationName = Release;
		};
		5626BD701ED4576500D36A80 /* Build configuration list for PBXNativeTarget "NewsFeedTests" */ = {
			isa = XCConfigurationList;
			buildConfigurations = (
				5626BD711ED4576500D36A80 /* Debug */,
				5626BD721ED4576500D36A80 /* Release */,
			);
			defaultConfigurationIsVisible = 0;
			defaultConfigurationName = Release;
		};
		5626BD731ED4576500D36A80 /* Build configuration list for PBXNativeTarget "NewsFeedUITests" */ = {
			isa = XCConfigurationList;
			buildConfigurations = (
				5626BD741ED4576500D36A80 /* Debug */,
				5626BD751ED4576500D36A80 /* Release */,
			);
			defaultConfigurationIsVisible = 0;
			defaultConfigurationName = Release;
		};
/* End XCConfigurationList section */
	};
	rootObject = 5626BD3D1ED4576400D36A80 /* Project object */;
}
